
Microsoft Visual Studio Solution File, Format Version 12.00
Project("{FAE04EC0-301F-11D3-BF4B-00C04F79EFBC}") = "Desafio2", "Desafio2\Desafio2.csproj", "{AB60F04B-6B35-4BCE-A0A9-968B0EFA070C}"
EndProject
Global
	GlobalSection(SolutionConfigurationPlatforms) = preSolution
		Debug|Any CPU = Debug|Any CPU
		Release|Any CPU = Release|Any CPU
	EndGlobalSection
	GlobalSection(ProjectConfigurationPlatforms) = postSolution
		{AB60F04B-6B35-4BCE-A0A9-968B0EFA070C}.Debug|Any CPU.ActiveCfg = Debug|Any CPU
		{AB60F04B-6B35-4BCE-A0A9-968B0EFA070C}.Debug|Any CPU.Build.0 = Debug|Any CPU
		{AB60F04B-6B35-4BCE-A0A9-968B0EFA070C}.Release|Any CPU.ActiveCfg = Release|Any CPU
		{AB60F04B-6B35-4BCE-A0A9-968B0EFA070C}.Release|Any CPU.Build.0 = Release|Any CPU
	EndGlobalSection
EndGlobal
