
Microsoft Visual Studio Solution File, Format Version 12.00
Project("{FAE04EC0-301F-11D3-BF4B-00C04F79EFBC}") = "EntradaUsuario", "EntradaUsuario\EntradaUsuario.csproj", "{0CE80A02-5668-455A-A99F-49DD0EE51D8E}"
EndProject
Global
	GlobalSection(SolutionConfigurationPlatforms) = preSolution
		Debug|Any CPU = Debug|Any CPU
		Release|Any CPU = Release|Any CPU
	EndGlobalSection
	GlobalSection(ProjectConfigurationPlatforms) = postSolution
		{0CE80A02-5668-455A-A99F-49DD0EE51D8E}.Debug|Any CPU.ActiveCfg = Debug|Any CPU
		{0CE80A02-5668-455A-A99F-49DD0EE51D8E}.Debug|Any CPU.Build.0 = Debug|Any CPU
		{0CE80A02-5668-455A-A99F-49DD0EE51D8E}.Release|Any CPU.ActiveCfg = Release|Any CPU
		{0CE80A02-5668-455A-A99F-49DD0EE51D8E}.Release|Any CPU.Build.0 = Release|Any CPU
	EndGlobalSection
EndGlobal
