
Microsoft Visual Studio Solution File, Format Version 12.00
Project("{FAE04EC0-301F-11D3-BF4B-00C04F79EFBC}") = "Constantes", "Constantes\Constantes.csproj", "{5302DC57-4B0E-4137-84FA-6DF806E6CA1A}"
EndProject
Global
	GlobalSection(SolutionConfigurationPlatforms) = preSolution
		Debug|Any CPU = Debug|Any CPU
		Release|Any CPU = Release|Any CPU
	EndGlobalSection
	GlobalSection(ProjectConfigurationPlatforms) = postSolution
		{5302DC57-4B0E-4137-84FA-6DF806E6CA1A}.Debug|Any CPU.ActiveCfg = Debug|Any CPU
		{5302DC57-4B0E-4137-84FA-6DF806E6CA1A}.Debug|Any CPU.Build.0 = Debug|Any CPU
		{5302DC57-4B0E-4137-84FA-6DF806E6CA1A}.Release|Any CPU.ActiveCfg = Release|Any CPU
		{5302DC57-4B0E-4137-84FA-6DF806E6CA1A}.Release|Any CPU.Build.0 = Release|Any CPU
	EndGlobalSection
EndGlobal
