
Microsoft Visual Studio Solution File, Format Version 12.00
Project("{FAE04EC0-301F-11D3-BF4B-00C04F79EFBC}") = "NumerosAleatorios", "NumerosAleatorios\NumerosAleatorios.csproj", "{5C0182C1-E1E4-4D50-AE23-EEEF92CE7624}"
EndProject
Global
	GlobalSection(SolutionConfigurationPlatforms) = preSolution
		Debug|Any CPU = Debug|Any CPU
		Release|Any CPU = Release|Any CPU
	EndGlobalSection
	GlobalSection(ProjectConfigurationPlatforms) = postSolution
		{5C0182C1-E1E4-4D50-AE23-EEEF92CE7624}.Debug|Any CPU.ActiveCfg = Debug|Any CPU
		{5C0182C1-E1E4-4D50-AE23-EEEF92CE7624}.Debug|Any CPU.Build.0 = Debug|Any CPU
		{5C0182C1-E1E4-4D50-AE23-EEEF92CE7624}.Release|Any CPU.ActiveCfg = Release|Any CPU
		{5C0182C1-E1E4-4D50-AE23-EEEF92CE7624}.Release|Any CPU.Build.0 = Release|Any CPU
	EndGlobalSection
EndGlobal
